
Microsoft Visual Studio Solution File, Format Version 12.00
# Visual Studio Version 16
VisualStudioVersion = 16.0.29613.14
MinimumVisualStudioVersion = 10.0.40219.1
Project("{FAE04EC0-301F-11D3-BF4B-00C04F79EFBC}") = "ESFA.DC.ILR.Tools.2021.IFCT.Console", "ESFA.DC.ILR.Tools.2021.IFCT.Console\ESFA.DC.ILR.Tools.2021.IFCT.Console.csproj", "{55C587BB-01FE-42A8-A6F2-B90DC58E3D88}"
EndProject
Project("{FAE04EC0-301F-11D3-BF4B-00C04F79EFBC}") = "ESFA.DC.ILR.Tools.IFCT.Service", "ESFA.DC.ILR.Tools.IFCT.Service\ESFA.DC.ILR.Tools.IFCT.Service.csproj", "{9CB39EBC-3D07-4E7F-87CE-F4420B4410F2}"
EndProject
Project("{FAE04EC0-301F-11D3-BF4B-00C04F79EFBC}") = "ESFA.DC.ILR.Tools.IFCT.Interface", "ESFA.DC.ILR.Tools.IFCT.Interface\ESFA.DC.ILR.Tools.IFCT.Interface.csproj", "{94F33A93-4109-486F-B4B4-7BAC6CE632C9}"
EndProject
Project("{FAE04EC0-301F-11D3-BF4B-00C04F79EFBC}") = "ESFA.DC.ILR.Tools.Models", "ESFA.DC.ILR.Tools.Models\ESFA.DC.ILR.Tools.Models.csproj", "{ED96B12D-1128-4C27-BBE0-14D62B41D974}"
EndProject
Project("{FAE04EC0-301F-11D3-BF4B-00C04F79EFBC}") = "ESFA.DC.ILR.Tools.IFCT.Service.Tests", "ESFA.DC.ILR.Tools.IFCT.Service.Tests\ESFA.DC.ILR.Tools.IFCT.Service.Tests.csproj", "{50AEE1A2-14AC-4B7A-84F6-059A61184180}"
EndProject
Global
	GlobalSection(SolutionConfigurationPlatforms) = preSolution
		Debug|Any CPU = Debug|Any CPU
		Release|Any CPU = Release|Any CPU
	EndGlobalSection
	GlobalSection(ProjectConfigurationPlatforms) = postSolution
		{55C587BB-01FE-42A8-A6F2-B90DC58E3D88}.Debug|Any CPU.ActiveCfg = Debug|Any CPU
		{55C587BB-01FE-42A8-A6F2-B90DC58E3D88}.Debug|Any CPU.Build.0 = Debug|Any CPU
		{55C587BB-01FE-42A8-A6F2-B90DC58E3D88}.Release|Any CPU.ActiveCfg = Release|Any CPU
		{55C587BB-01FE-42A8-A6F2-B90DC58E3D88}.Release|Any CPU.Build.0 = Release|Any CPU
		{9CB39EBC-3D07-4E7F-87CE-F4420B4410F2}.Debug|Any CPU.ActiveCfg = Debug|Any CPU
		{9CB39EBC-3D07-4E7F-87CE-F4420B4410F2}.Debug|Any CPU.Build.0 = Debug|Any CPU
		{9CB39EBC-3D07-4E7F-87CE-F4420B4410F2}.Release|Any CPU.ActiveCfg = Release|Any CPU
		{9CB39EBC-3D07-4E7F-87CE-F4420B4410F2}.Release|Any CPU.Build.0 = Release|Any CPU
		{94F33A93-4109-486F-B4B4-7BAC6CE632C9}.Debug|Any CPU.ActiveCfg = Debug|Any CPU
		{94F33A93-4109-486F-B4B4-7BAC6CE632C9}.Debug|Any CPU.Build.0 = Debug|Any CPU
		{94F33A93-4109-486F-B4B4-7BAC6CE632C9}.Release|Any CPU.ActiveCfg = Release|Any CPU
		{94F33A93-4109-486F-B4B4-7BAC6CE632C9}.Release|Any CPU.Build.0 = Release|Any CPU
		{ED96B12D-1128-4C27-BBE0-14D62B41D974}.Debug|Any CPU.ActiveCfg = Debug|Any CPU
		{ED96B12D-1128-4C27-BBE0-14D62B41D974}.Debug|Any CPU.Build.0 = Debug|Any CPU
		{ED96B12D-1128-4C27-BBE0-14D62B41D974}.Release|Any CPU.ActiveCfg = Release|Any CPU
		{ED96B12D-1128-4C27-BBE0-14D62B41D974}.Release|Any CPU.Build.0 = Release|Any CPU
		{50AEE1A2-14AC-4B7A-84F6-059A61184180}.Debug|Any CPU.ActiveCfg = Debug|Any CPU
		{50AEE1A2-14AC-4B7A-84F6-059A61184180}.Debug|Any CPU.Build.0 = Debug|Any CPU
		{50AEE1A2-14AC-4B7A-84F6-059A61184180}.Release|Any CPU.ActiveCfg = Release|Any CPU
		{50AEE1A2-14AC-4B7A-84F6-059A61184180}.Release|Any CPU.Build.0 = Release|Any CPU
	EndGlobalSection
	GlobalSection(SolutionProperties) = preSolution
		HideSolutionNode = FALSE
	EndGlobalSection
	GlobalSection(ExtensibilityGlobals) = postSolution
		SolutionGuid = {80E42895-1B67-4480-A7D3-ECB60D00DFB4}
	EndGlobalSection
EndGlobal
